// !$*UTF8*$!
{
	archiveVersion = 1;
	classes = {
	};
	objectVersion = 46;
	objects = {

/* Begin PBXBuildFile section */
		148447CC1E4D5770005BE68B /* ResultViewController.swift in Sources */ = {isa = PBXBuildFile; fileRef = 148447CB1E4D5770005BE68B /* ResultViewController.swift */; };
		148447CD1E4D5770005BE68B /* ResultViewController.swift in Sources */ = {isa = PBXBuildFile; fileRef = 148447CB1E4D5770005BE68B /* ResultViewController.swift */; };
		148447CE1E4D5770005BE68B /* ResultViewController.swift in Sources */ = {isa = PBXBuildFile; fileRef = 148447CB1E4D5770005BE68B /* ResultViewController.swift */; };
		14A761791E4C6DDD003F3FE5 /* AppDelegate.swift in Sources */ = {isa = PBXBuildFile; fileRef = 14A761781E4C6DDD003F3FE5 /* AppDelegate.swift */; };
		14A7617B1E4C6DDD003F3FE5 /* ViewController.swift in Sources */ = {isa = PBXBuildFile; fileRef = 14A7617A1E4C6DDD003F3FE5 /* ViewController.swift */; };
		14A7617E1E4C6DDD003F3FE5 /* Main.storyboard in Resources */ = {isa = PBXBuildFile; fileRef = 14A7617C1E4C6DDD003F3FE5 /* Main.storyboard */; };
		14A761801E4C6DDD003F3FE5 /* Assets.xcassets in Resources */ = {isa = PBXBuildFile; fileRef = 14A7617F1E4C6DDD003F3FE5 /* Assets.xcassets */; };
		14A761831E4C6DDD003F3FE5 /* LaunchScreen.storyboard in Resources */ = {isa = PBXBuildFile; fileRef = 14A761811E4C6DDD003F3FE5 /* LaunchScreen.storyboard */; };
		14A7618E1E4C6DDE003F3FE5 /* NameOnomancy_iOSTests.swift in Sources */ = {isa = PBXBuildFile; fileRef = 14A7618D1E4C6DDE003F3FE5 /* NameOnomancy_iOSTests.swift */; };
		14A761991E4C6DDE003F3FE5 /* NameOnomancy_iOSUITests.swift in Sources */ = {isa = PBXBuildFile; fileRef = 14A761981E4C6DDE003F3FE5 /* NameOnomancy_iOSUITests.swift */; };
/* End PBXBuildFile section */

/* Begin PBXContainerItemProxy section */
		14A7618A1E4C6DDE003F3FE5 /* PBXContainerItemProxy */ = {
			isa = PBXContainerItemProxy;
			containerPortal = 14A7616D1E4C6DDD003F3FE5 /* Project object */;
			proxyType = 1;
			remoteGlobalIDString = 14A761741E4C6DDD003F3FE5;
			remoteInfo = NameOnomancy_iOS;
		};
		14A761951E4C6DDE003F3FE5 /* PBXContainerItemProxy */ = {
			isa = PBXContainerItemProxy;
			containerPortal = 14A7616D1E4C6DDD003F3FE5 /* Project object */;
			proxyType = 1;
			remoteGlobalIDString = 14A761741E4C6DDD003F3FE5;
			remoteInfo = NameOnomancy_iOS;
		};
/* End PBXContainerItemProxy section */

/* Begin PBXFileReference section */
		148447CB1E4D5770005BE68B /* ResultViewController.swift */ = {isa = PBXFileReference; fileEncoding = 4; lastKnownFileType = sourcecode.swift; path = ResultViewController.swift; sourceTree = "<group>"; };
		14A761751E4C6DDD003F3FE5 /* NameOnomancy_iOS.app */ = {isa = PBXFileReference; explicitFileType = wrapper.application; includeInIndex = 0; path = NameOnomancy_iOS.app; sourceTree = BUILT_PRODUCTS_DIR; };
		14A761781E4C6DDD003F3FE5 /* AppDelegate.swift */ = {isa = PBXFileReference; lastKnownFileType = sourcecode.swift; path = AppDelegate.swift; sourceTree = "<group>"; };
		14A7617A1E4C6DDD003F3FE5 /* ViewController.swift */ = {isa = PBXFileReference; lastKnownFileType = sourcecode.swift; path = ViewController.swift; sourceTree = "<group>"; };
		14A7617D1E4C6DDD003F3FE5 /* Base */ = {isa = PBXFileReference; lastKnownFileType = file.storyboard; name = Base; path = Base.lproj/Main.storyboard; sourceTree = "<group>"; };
		14A7617F1E4C6DDD003F3FE5 /* Assets.xcassets */ = {isa = PBXFileReference; lastKnownFileType = folder.assetcatalog; path = Assets.xcassets; sourceTree = "<group>"; };
		14A761821E4C6DDD003F3FE5 /* Base */ = {isa = PBXFileReference; lastKnownFileType = file.storyboard; name = Base; path = Base.lproj/LaunchScreen.storyboard; sourceTree = "<group>"; };
		14A761841E4C6DDE003F3FE5 /* Info.plist */ = {isa = PBXFileReference; lastKnownFileType = text.plist.xml; path = Info.plist; sourceTree = "<group>"; };
		14A761891E4C6DDE003F3FE5 /* NameOnomancy_iOSTests.xctest */ = {isa = PBXFileReference; explicitFileType = wrapper.cfbundle; includeInIndex = 0; path = NameOnomancy_iOSTests.xctest; sourceTree = BUILT_PRODUCTS_DIR; };
		14A7618D1E4C6DDE003F3FE5 /* NameOnomancy_iOSTests.swift */ = {isa = PBXFileReference; lastKnownFileType = sourcecode.swift; path = NameOnomancy_iOSTests.swift; sourceTree = "<group>"; };
		14A7618F1E4C6DDE003F3FE5 /* Info.plist */ = {isa = PBXFileReference; lastKnownFileType = text.plist.xml; path = Info.plist; sourceTree = "<group>"; };
		14A761941E4C6DDE003F3FE5 /* NameOnomancy_iOSUITests.xctest */ = {isa = PBXFileReference; explicitFileType = wrapper.cfbundle; includeInIndex = 0; path = NameOnomancy_iOSUITests.xctest; sourceTree = BUILT_PRODUCTS_DIR; };
		14A761981E4C6DDE003F3FE5 /* NameOnomancy_iOSUITests.swift */ = {isa = PBXFileReference; lastKnownFileType = sourcecode.swift; path = NameOnomancy_iOSUITests.swift; sourceTree = "<group>"; };
		14A7619A1E4C6DDE003F3FE5 /* Info.plist */ = {isa = PBXFileReference; lastKnownFileType = text.plist.xml; path = Info.plist; sourceTree = "<group>"; };
/* End PBXFileReference section */

/* Begin PBXFrameworksBuildPhase section */
		14A761721E4C6DDD003F3FE5 /* Frameworks */ = {
			isa = PBXFrameworksBuildPhase;
			buildActionMask = 2147483647;
			files = (
			);
			runOnlyForDeploymentPostprocessing = 0;
		};
		14A761861E4C6DDE003F3FE5 /* Frameworks */ = {
			isa = PBXFrameworksBuildPhase;
			buildActionMask = 2147483647;
			files = (
			);
			runOnlyForDeploymentPostprocessing = 0;
		};
		14A761911E4C6DDE003F3FE5 /* Frameworks */ = {
			isa = PBXFrameworksBuildPhase;
			buildActionMask = 2147483647;
			files = (
			);
			runOnlyForDeploymentPostprocessing = 0;
		};
/* End PBXFrameworksBuildPhase section */

/* Begin PBXGroup section */
		14A7616C1E4C6DDD003F3FE5 = {
			isa = PBXGroup;
			children = (
				14A761771E4C6DDD003F3FE5 /* NameOnomancy_iOS */,
				14A7618C1E4C6DDE003F3FE5 /* NameOnomancy_iOSTests */,
				14A761971E4C6DDE003F3FE5 /* NameOnomancy_iOSUITests */,
				14A761761E4C6DDD003F3FE5 /* Products */,
			);
			sourceTree = "<group>";
		};
		14A761761E4C6DDD003F3FE5 /* Products */ = {
			isa = PBXGroup;
			children = (
				14A761751E4C6DDD003F3FE5 /* NameOnomancy_iOS.app */,
				14A761891E4C6DDE003F3FE5 /* NameOnomancy_iOSTests.xctest */,
				14A761941E4C6DDE003F3FE5 /* NameOnomancy_iOSUITests.xctest */,
			);
			name = Products;
			sourceTree = "<group>";
		};
		14A761771E4C6DDD003F3FE5 /* NameOnomancy_iOS */ = {
			isa = PBXGroup;
			children = (
				14A761781E4C6DDD003F3FE5 /* AppDelegate.swift */,
				14A7617A1E4C6DDD003F3FE5 /* ViewController.swift */,
				148447CB1E4D5770005BE68B /* ResultViewController.swift */,
				14A7617C1E4C6DDD003F3FE5 /* Main.storyboard */,
				14A7617F1E4C6DDD003F3FE5 /* Assets.xcassets */,
				14A761811E4C6DDD003F3FE5 /* LaunchScreen.storyboard */,
				14A761841E4C6DDE003F3FE5 /* Info.plist */,
			);
			path = NameOnomancy_iOS;
			sourceTree = "<group>";
		};
		14A7618C1E4C6DDE003F3FE5 /* NameOnomancy_iOSTests */ = {
			isa = PBXGroup;
			children = (
				14A7618D1E4C6DDE003F3FE5 /* NameOnomancy_iOSTests.swift */,
				14A7618F1E4C6DDE003F3FE5 /* Info.plist */,
			);
			path = NameOnomancy_iOSTests;
			sourceTree = "<group>";
		};
		14A761971E4C6DDE003F3FE5 /* NameOnomancy_iOSUITests */ = {
			isa = PBXGroup;
			children = (
				14A761981E4C6DDE003F3FE5 /* NameOnomancy_iOSUITests.swift */,
				14A7619A1E4C6DDE003F3FE5 /* Info.plist */,
			);
			path = NameOnomancy_iOSUITests;
			sourceTree = "<group>";
		};
/* End PBXGroup section */

/* Begin PBXNativeTarget section */
		14A761741E4C6DDD003F3FE5 /* NameOnomancy_iOS */ = {
			isa = PBXNativeTarget;
			buildConfigurationList = 14A7619D1E4C6DDE003F3FE5 /* Build configuration list for PBXNativeTarget "NameOnomancy_iOS" */;
			buildPhases = (
				14A761711E4C6DDD003F3FE5 /* Sources */,
				14A761721E4C6DDD003F3FE5 /* Frameworks */,
				14A761731E4C6DDD003F3FE5 /* Resources */,
			);
			buildRules = (
			);
			dependencies = (
			);
			name = NameOnomancy_iOS;
			productName = NameOnomancy_iOS;
			productReference = 14A761751E4C6DDD003F3FE5 /* NameOnomancy_iOS.app */;
			productType = "com.apple.product-type.application";
		};
		14A761881E4C6DDE003F3FE5 /* NameOnomancy_iOSTests */ = {
			isa = PBXNativeTarget;
			buildConfigurationList = 14A761A01E4C6DDE003F3FE5 /* Build configuration list for PBXNativeTarget "NameOnomancy_iOSTests" */;
			buildPhases = (
				14A761851E4C6DDE003F3FE5 /* Sources */,
				14A761861E4C6DDE003F3FE5 /* Frameworks */,
				14A761871E4C6DDE003F3FE5 /* Resources */,
			);
			buildRules = (
			);
			dependencies = (
				14A7618B1E4C6DDE003F3FE5 /* PBXTargetDependency */,
			);
			name = NameOnomancy_iOSTests;
			productName = NameOnomancy_iOSTests;
			productReference = 14A761891E4C6DDE003F3FE5 /* NameOnomancy_iOSTests.xctest */;
			productType = "com.apple.product-type.bundle.unit-test";
		};
		14A761931E4C6DDE003F3FE5 /* NameOnomancy_iOSUITests */ = {
			isa = PBXNativeTarget;
			buildConfigurationList = 14A761A31E4C6DDE003F3FE5 /* Build configuration list for PBXNativeTarget "NameOnomancy_iOSUITests" */;
			buildPhases = (
				14A761901E4C6DDE003F3FE5 /* Sources */,
				14A761911E4C6DDE003F3FE5 /* Frameworks */,
				14A761921E4C6DDE003F3FE5 /* Resources */,
			);
			buildRules = (
			);
			dependencies = (
				14A761961E4C6DDE003F3FE5 /* PBXTargetDependency */,
			);
			name = NameOnomancy_iOSUITests;
			productName = NameOnomancy_iOSUITests;
			productReference = 14A761941E4C6DDE003F3FE5 /* NameOnomancy_iOSUITests.xctest */;
			productType = "com.apple.product-type.bundle.ui-testing";
		};
/* End PBXNativeTarget section */

/* Begin PBXProject section */
		14A7616D1E4C6DDD003F3FE5 /* Project object */ = {
			isa = PBXProject;
			attributes = {
				LastSwiftUpdateCheck = 0830;
				LastUpgradeCheck = 0830;
				ORGANIZATIONNAME = "Kentaro Miura";
				TargetAttributes = {
					14A761741E4C6DDD003F3FE5 = {
						CreatedOnToolsVersion = 8.3;
						ProvisioningStyle = Automatic;
					};
					14A761881E4C6DDE003F3FE5 = {
						CreatedOnToolsVersion = 8.3;
						ProvisioningStyle = Automatic;
						TestTargetID = 14A761741E4C6DDD003F3FE5;
					};
					14A761931E4C6DDE003F3FE5 = {
						CreatedOnToolsVersion = 8.3;
						ProvisioningStyle = Automatic;
						TestTargetID = 14A761741E4C6DDD003F3FE5;
					};
				};
			};
			buildConfigurationList = 14A761701E4C6DDD003F3FE5 /* Build configuration list for PBXProject "NameOnomancy_iOS" */;
			compatibilityVersion = "Xcode 3.2";
			developmentRegion = English;
			hasScannedForEncodings = 0;
			knownRegions = (
				en,
				Base,
			);
			mainGroup = 14A7616C1E4C6DDD003F3FE5;
			productRefGroup = 14A761761E4C6DDD003F3FE5 /* Products */;
			projectDirPath = "";
			projectRoot = "";
			targets = (
				14A761741E4C6DDD003F3FE5 /* NameOnomancy_iOS */,
				14A761881E4C6DDE003F3FE5 /* NameOnomancy_iOSTests */,
				14A761931E4C6DDE003F3FE5 /* NameOnomancy_iOSUITests */,
			);
		};
/* End PBXProject section */

/* Begin PBXResourcesBuildPhase section */
		14A761731E4C6DDD003F3FE5 /* Resources */ = {
			isa = PBXResourcesBuildPhase;
			buildActionMask = 2147483647;
			files = (
				14A761831E4C6DDD003F3FE5 /* LaunchScreen.storyboard in Resources */,
				14A761801E4C6DDD003F3FE5 /* Assets.xcassets in Resources */,
				14A7617E1E4C6DDD003F3FE5 /* Main.storyboard in Resources */,
			);
			runOnlyForDeploymentPostprocessing = 0;
		};
		14A761871E4C6DDE003F3FE5 /* Resources */ = {
			isa = PBXResourcesBuildPhase;
			buildActionMask = 2147483647;
			files = (
			);
			runOnlyForDeploymentPostprocessing = 0;
		};
		14A761921E4C6DDE003F3FE5 /* Resources */ = {
			isa = PBXResourcesBuildPhase;
			buildActionMask = 2147483647;
			files = (
			);
			runOnlyForDeploymentPostprocessing = 0;
		};
/* End PBXResourcesBuildPhase section */

/* Begin PBXSourcesBuildPhase section */
		14A761711E4C6DDD003F3FE5 /* Sources */ = {
			isa = PBXSourcesBuildPhase;
			buildActionMask = 2147483647;
			files = (
				14A7617B1E4C6DDD003F3FE5 /* ViewController.swift in Sources */,
				14A761791E4C6DDD003F3FE5 /* AppDelegate.swift in Sources */,
				148447CC1E4D5770005BE68B /* ResultViewController.swift in Sources */,
			);
			runOnlyForDeploymentPostprocessing = 0;
		};
		14A761851E4C6DDE003F3FE5 /* Sources */ = {
			isa = PBXSourcesBuildPhase;
			buildActionMask = 2147483647;
			files = (
				14A7618E1E4C6DDE003F3FE5 /* NameOnomancy_iOSTests.swift in Sources */,
				148447CD1E4D5770005BE68B /* ResultViewController.swift in Sources */,
			);
			runOnlyForDeploymentPostprocessing = 0;
		};
		14A761901E4C6DDE003F3FE5 /* Sources */ = {
			isa = PBXSourcesBuildPhase;
			buildActionMask = 2147483647;
			files = (
				14A761991E4C6DDE003F3FE5 /* NameOnomancy_iOSUITests.swift in Sources */,
				148447CE1E4D5770005BE68B /* ResultViewController.swift in Sources */,
			);
			runOnlyForDeploymentPostprocessing = 0;
		};
/* End PBXSourcesBuildPhase section */

/* Begin PBXTargetDependency section */
		14A7618B1E4C6DDE003F3FE5 /* PBXTargetDependency */ = {
			isa = PBXTargetDependency;
			target = 14A761741E4C6DDD003F3FE5 /* NameOnomancy_iOS */;
			targetProxy = 14A7618A1E4C6DDE003F3FE5 /* PBXContainerItemProxy */;
		};
		14A761961E4C6DDE003F3FE5 /* PBXTargetDependency */ = {
			isa = PBXTargetDependency;
			target = 14A761741E4C6DDD003F3FE5 /* NameOnomancy_iOS */;
			targetProxy = 14A761951E4C6DDE003F3FE5 /* PBXContainerItemProxy */;
		};
/* End PBXTargetDependency section */

/* Begin PBXVariantGroup section */
		14A7617C1E4C6DDD003F3FE5 /* Main.storyboard */ = {
			isa = PBXVariantGroup;
			children = (
				14A7617D1E4C6DDD003F3FE5 /* Base */,
			);
			name = Main.storyboard;
			sourceTree = "<group>";
		};
		14A761811E4C6DDD003F3FE5 /* LaunchScreen.storyboard */ = {
			isa = PBXVariantGroup;
			children = (
				14A761821E4C6DDD003F3FE5 /* Base */,
			);
			name = LaunchScreen.storyboard;
			sourceTree = "<group>";
		};
/* End PBXVariantGroup section */

/* Begin XCBuildConfiguration section */
		14A7619B1E4C6DDE003F3FE5 /* Debug */ = {
			isa = XCBuildConfiguration;
			buildSettings = {
				ALWAYS_SEARCH_USER_PATHS = NO;
				CLANG_ANALYZER_NONNULL = YES;
				CLANG_ANALYZER_NUMBER_OBJECT_CONVERSION = YES_AGGRESSIVE;
				CLANG_CXX_LANGUAGE_STANDARD = "gnu++0x";
				CLANG_CXX_LIBRARY = "libc++";
				CLANG_ENABLE_MODULES = YES;
				CLANG_ENABLE_OBJC_ARC = YES;
				CLANG_WARN_BOOL_CONVERSION = YES;
				CLANG_WARN_CONSTANT_CONVERSION = YES;
				CLANG_WARN_DIRECT_OBJC_ISA_USAGE = YES_ERROR;
				CLANG_WARN_DOCUMENTATION_COMMENTS = YES;
				CLANG_WARN_EMPTY_BODY = YES;
				CLANG_WARN_ENUM_CONVERSION = YES;
				CLANG_WARN_INFINITE_RECURSION = YES;
				CLANG_WARN_INT_CONVERSION = YES;
				CLANG_WARN_OBJC_ROOT_CLASS = YES_ERROR;
				CLANG_WARN_SUSPICIOUS_MOVE = YES;
				CLANG_WARN_UNREACHABLE_CODE = YES;
				CLANG_WARN__DUPLICATE_METHOD_MATCH = YES;
				"CODE_SIGN_IDENTITY[sdk=iphoneos*]" = "iPhone Developer";
				COPY_PHASE_STRIP = NO;
				DEBUG_INFORMATION_FORMAT = dwarf;
				ENABLE_STRICT_OBJC_MSGSEND = YES;
				ENABLE_TESTABILITY = YES;
				GCC_C_LANGUAGE_STANDARD = gnu99;
				GCC_DYNAMIC_NO_PIC = NO;
				GCC_NO_COMMON_BLOCKS = YES;
				GCC_OPTIMIZATION_LEVEL = 0;
				GCC_PREPROCESSOR_DEFINITIONS = (
					"DEBUG=1",
					"$(inherited)",
				);
				GCC_WARN_64_TO_32_BIT_CONVERSION = YES;
				GCC_WARN_ABOUT_RETURN_TYPE = YES_ERROR;
				GCC_WARN_UNDECLARED_SELECTOR = YES;
				GCC_WARN_UNINITIALIZED_AUTOS = YES_AGGRESSIVE;
				GCC_WARN_UNUSED_FUNCTION = YES;
				GCC_WARN_UNUSED_VARIABLE = YES;
				IPHONEOS_DEPLOYMENT_TARGET = 8.0;
				MTL_ENABLE_DEBUG_INFO = YES;
				ONLY_ACTIVE_ARCH = YES;
				SDKROOT = iphoneos;
				SWIFT_ACTIVE_COMPILATION_CONDITIONS = DEBUG;
				SWIFT_OPTIMIZATION_LEVEL = "-Onone";
				TARGETED_DEVICE_FAMILY = "1,2";
			};
			name = Debug;
		};
		14A7619C1E4C6DDE003F3FE5 /* Release */ = {
			isa = XCBuildConfiguration;
			buildSettings = {
				ALWAYS_SEARCH_USER_PATHS = NO;
				CLANG_ANALYZER_NONNULL = YES;
				CLANG_ANALYZER_NUMBER_OBJECT_CONVERSION = YES_AGGRESSIVE;
				CLANG_CXX_LANGUAGE_STANDARD = "gnu++0x";
				CLANG_CXX_LIBRARY = "libc++";
				CLANG_ENABLE_MODULES = YES;
				CLANG_ENABLE_OBJC_ARC = YES;
				CLANG_WARN_BOOL_CONVERSION = YES;
				CLANG_WARN_CONSTANT_CONVERSION = YES;
				CLANG_WARN_DIRECT_OBJC_ISA_USAGE = YES_ERROR;
				CLANG_WARN_DOCUMENTATION_COMMENTS = YES;
				CLANG_WARN_EMPTY_BODY = YES;
				CLANG_WARN_ENUM_CONVERSION = YES;
				CLANG_WARN_INFINITE_RECURSION = YES;
				CLANG_WARN_INT_CONVERSION = YES;
				CLANG_WARN_OBJC_ROOT_CLASS = YES_ERROR;
				CLANG_WARN_SUSPICIOUS_MOVE = YES;
				CLANG_WARN_UNREACHABLE_CODE = YES;
				CLANG_WARN__DUPLICATE_METHOD_MATCH = YES;
				"CODE_SIGN_IDENTITY[sdk=iphoneos*]" = "iPhone Developer";
				COPY_PHASE_STRIP = NO;
				DEBUG_INFORMATION_FORMAT = "dwarf-with-dsym";
				ENABLE_NS_ASSERTIONS = NO;
				ENABLE_STRICT_OBJC_MSGSEND = YES;
				GCC_C_LANGUAGE_STANDARD = gnu99;
				GCC_NO_COMMON_BLOCKS = YES;
				GCC_WARN_64_TO_32_BIT_CONVERSION = YES;
				GCC_WARN_ABOUT_RETURN_TYPE = YES_ERROR;
				GCC_WARN_UNDECLARED_SELECTOR = YES;
				GCC_WARN_UNINITIALIZED_AUTOS = YES_AGGRESSIVE;
				GCC_WARN_UNUSED_FUNCTION = YES;
				GCC_WARN_UNUSED_VARIABLE = YES;
				IPHONEOS_DEPLOYMENT_TARGET = 8.0;
				MTL_ENABLE_DEBUG_INFO = NO;
				SDKROOT = iphoneos;
				SWIFT_OPTIMIZATION_LEVEL = "-Owholemodule";
				TARGETED_DEVICE_FAMILY = "1,2";
				VALIDATE_PRODUCT = YES;
			};
			name = Release;
		};
		14A7619E1E4C6DDE003F3FE5 /* Debug */ = {
			isa = XCBuildConfiguration;
			buildSettings = {
				ASSETCATALOG_COMPILER_APPICON_NAME = AppIcon;
				DEVELOPMENT_TEAM = "";
				INFOPLIST_FILE = NameOnomancy_iOS/Info.plist;
				LD_RUNPATH_SEARCH_PATHS = "$(inherited) @executable_path/Frameworks";
				PRODUCT_BUNDLE_IDENTIFIER = "com.test.NameOnomancy-iOS";
				PRODUCT_NAME = "$(TARGET_NAME)";
				SWIFT_VERSION = 3.0;
			};
			name = Debug;
		};
		14A7619F1E4C6DDE003F3FE5 /* Release */ = {
			isa = XCBuildConfiguration;
			buildSettings = {
				ASSETCATALOG_COMPILER_APPICON_NAME = AppIcon;
				DEVELOPMENT_TEAM = "";
				INFOPLIST_FILE = NameOnomancy_iOS/Info.plist;
				LD_RUNPATH_SEARCH_PATHS = "$(inherited) @executable_path/Frameworks";
				PRODUCT_BUNDLE_IDENTIFIER = "com.test.NameOnomancy-iOS";
				PRODUCT_NAME = "$(TARGET_NAME)";
				SWIFT_VERSION = 3.0;
			};
			name = Release;
		};
		14A761A11E4C6DDE003F3FE5 /* Debug */ = {
			isa = XCBuildConfiguration;
			buildSettings = {
				ALWAYS_EMBED_SWIFT_STANDARD_LIBRARIES = YES;
				BUNDLE_LOADER = "$(TEST_HOST)";
				INFOPLIST_FILE = NameOnomancy_iOSTests/Info.plist;
				LD_RUNPATH_SEARCH_PATHS = "$(inherited) @executable_path/Frameworks @loader_path/Frameworks";
				PRODUCT_BUNDLE_IDENTIFIER = "com.test.NameOnomancy-iOSTests";
				PRODUCT_NAME = "$(TARGET_NAME)";
				SWIFT_VERSION = 3.0;
				TEST_HOST = "$(BUILT_PRODUCTS_DIR)/NameOnomancy_iOS.app/NameOnomancy_iOS";
			};
			name = Debug;
		};
		14A761A21E4C6DDE003F3FE5 /* Release */ = {
			isa = XCBuildConfiguration;
			buildSettings = {
				ALWAYS_EMBED_SWIFT_STANDARD_LIBRARIES = YES;
				BUNDLE_LOADER = "$(TEST_HOST)";
				INFOPLIST_FILE = NameOnomancy_iOSTests/Info.plist;
				LD_RUNPATH_SEARCH_PATHS = "$(inherited) @executable_path/Frameworks @loader_path/Frameworks";
				PRODUCT_BUNDLE_IDENTIFIER = "com.test.NameOnomancy-iOSTests";
				PRODUCT_NAME = "$(TARGET_NAME)";
				SWIFT_VERSION = 3.0;
				TEST_HOST = "$(BUILT_PRODUCTS_DIR)/NameOnomancy_iOS.app/NameOnomancy_iOS";
			};
			name = Release;
		};
		14A761A41E4C6DDE003F3FE5 /* Debug */ = {
			isa = XCBuildConfiguration;
			buildSettings = {
				ALWAYS_EMBED_SWIFT_STANDARD_LIBRARIES = YES;
				INFOPLIST_FILE = NameOnomancy_iOSUITests/Info.plist;
				LD_RUNPATH_SEARCH_PATHS = "$(inherited) @executable_path/Frameworks @loader_path/Frameworks";
				PRODUCT_BUNDLE_IDENTIFIER = "com.test.NameOnomancy-iOSUITests";
				PRODUCT_NAME = "$(TARGET_NAME)";
				SWIFT_VERSION = 3.0;
				TEST_TARGET_NAME = NameOnomancy_iOS;
			};
			name = Debug;
		};
		14A761A51E4C6DDE003F3FE5 /* Release */ = {
			isa = XCBuildConfiguration;
			buildSettings = {
				ALWAYS_EMBED_SWIFT_STANDARD_LIBRARIES = YES;
				INFOPLIST_FILE = NameOnomancy_iOSUITests/Info.plist;
				LD_RUNPATH_SEARCH_PATHS = "$(inherited) @executable_path/Frameworks @loader_path/Frameworks";
				PRODUCT_BUNDLE_IDENTIFIER = "com.test.NameOnomancy-iOSUITests";
				PRODUCT_NAME = "$(TARGET_NAME)";
				SWIFT_VERSION = 3.0;
				TEST_TARGET_NAME = NameOnomancy_iOS;
			};
			name = Release;
		};
/* End XCBuildConfiguration section */

/* Begin XCConfigurationList section */
		14A761701E4C6DDD003F3FE5 /* Build configuration list for PBXProject "NameOnomancy_iOS" */ = {
			isa = XCConfigurationList;
			buildConfigurations = (
				14A7619B1E4C6DDE003F3FE5 /* Debug */,
				14A7619C1E4C6DDE003F3FE5 /* Release */,
			);
			defaultConfigurationIsVisible = 0;
			defaultConfigurationName = Release;
		};
		14A7619D1E4C6DDE003F3FE5 /* Build configuration list for PBXNativeTarget "NameOnomancy_iOS" */ = {
			isa = XCConfigurationList;
			buildConfigurations = (
				14A7619E1E4C6DDE003F3FE5 /* Debug */,
				14A7619F1E4C6DDE003F3FE5 /* Release */,
			);
			defaultConfigurationIsVisible = 0;
			defaultConfigurationName = Release;
		};
		14A761A01E4C6DDE003F3FE5 /* Build configuration list for PBXNativeTarget "NameOnomancy_iOSTests" */ = {
			isa = XCConfigurationList;
			buildConfigurations = (
				14A761A11E4C6DDE003F3FE5 /* Debug */,
				14A761A21E4C6DDE003F3FE5 /* Release */,
			);
			defaultConfigurationIsVisible = 0;
			defaultConfigurationName = Release;
		};
		14A761A31E4C6DDE003F3FE5 /* Build configuration list for PBXNativeTarget "NameOnomancy_iOSUITests" */ = {
			isa = XCConfigurationList;
			buildConfigurations = (
				14A761A41E4C6DDE003F3FE5 /* Debug */,
				14A761A51E4C6DDE003F3FE5 /* Release */,
			);
			defaultConfigurationIsVisible = 0;
			defaultConfigurationName = Release;
		};
/* End XCConfigurationList section */
	};
	rootObject = 14A7616D1E4C6DDD003F3FE5 /* Project object */;
}
